// !$*UTF8*$!
{
	archiveVersion = 1;
	classes = {
	};
	objectVersion = 50;
	objects = {

/* Begin PBXBuildFile section */
		197A5BF922136A7600048191 /* AppDelegate.swift in Sources */ = {isa = PBXBuildFile; fileRef = 197A5BF822136A7600048191 /* AppDelegate.swift */; };
		197A5BFE22136A7600048191 /* Main.storyboard in Resources */ = {isa = PBXBuildFile; fileRef = 197A5BFC22136A7600048191 /* Main.storyboard */; };
		197A5C0022136A7D00048191 /* Assets.xcassets in Resources */ = {isa = PBXBuildFile; fileRef = 197A5BFF22136A7D00048191 /* Assets.xcassets */; };
		197A5C0322136A7D00048191 /* LaunchScreen.storyboard in Resources */ = {isa = PBXBuildFile; fileRef = 197A5C0122136A7D00048191 /* LaunchScreen.storyboard */; };
		197A5C1122136B5900048191 /* Client.swift in Sources */ = {isa = PBXBuildFile; fileRef = 197A5C1022136B5900048191 /* Client.swift */; };
		197A5C1322136B9500048191 /* Endpoint.swift in Sources */ = {isa = PBXBuildFile; fileRef = 197A5C1222136B9500048191 /* Endpoint.swift */; };
		197A5C1522136BB200048191 /* Result.swift in Sources */ = {isa = PBXBuildFile; fileRef = 197A5C1422136BB200048191 /* Result.swift */; };
		197A5C1A22136DB900048191 /* PeixeUrbanoEndpoints.swift in Sources */ = {isa = PBXBuildFile; fileRef = 197A5C1922136DB900048191 /* PeixeUrbanoEndpoints.swift */; };
		197A5C1D22136E9100048191 /* PeixeUrbanoClient.swift in Sources */ = {isa = PBXBuildFile; fileRef = 197A5C1C22136E9100048191 /* PeixeUrbanoClient.swift */; };
		197A5C22221374AA00048191 /* Offer.swift in Sources */ = {isa = PBXBuildFile; fileRef = 197A5C21221374AA00048191 /* Offer.swift */; };
		197A5C2422139AA500048191 /* OfferResponse.swift in Sources */ = {isa = PBXBuildFile; fileRef = 197A5C2322139AA500048191 /* OfferResponse.swift */; };
		197A5C2622139B5100048191 /* OfferObjects.swift in Sources */ = {isa = PBXBuildFile; fileRef = 197A5C2522139B5100048191 /* OfferObjects.swift */; };
		197A5C2822139E3F00048191 /* OfferImage.swift in Sources */ = {isa = PBXBuildFile; fileRef = 197A5C2722139E3F00048191 /* OfferImage.swift */; };
		197A5C2A22139FD200048191 /* OfferLocation.swift in Sources */ = {isa = PBXBuildFile; fileRef = 197A5C2922139FD200048191 /* OfferLocation.swift */; };
		197A5C312214DAE400048191 /* ListCityOffersInteractor.swift in Sources */ = {isa = PBXBuildFile; fileRef = 197A5C302214DAE400048191 /* ListCityOffersInteractor.swift */; };
		197A5C342214DD2F00048191 /* ListCityOffersPresenter.swift in Sources */ = {isa = PBXBuildFile; fileRef = 197A5C332214DD2F00048191 /* ListCityOffersPresenter.swift */; };
		197A5C382214DEBE00048191 /* ListCityOffersViewController.swift in Sources */ = {isa = PBXBuildFile; fileRef = 197A5C372214DEBE00048191 /* ListCityOffersViewController.swift */; };
		197A5C3C2214DFE300048191 /* City.storyboard in Resources */ = {isa = PBXBuildFile; fileRef = 197A5C3B2214DFE300048191 /* City.storyboard */; };
		197A5C3E2214E04B00048191 /* Trip.storyboard in Resources */ = {isa = PBXBuildFile; fileRef = 197A5C3D2214E04B00048191 /* Trip.storyboard */; };
		197A5C402214E05B00048191 /* Product.storyboard in Resources */ = {isa = PBXBuildFile; fileRef = 197A5C3F2214E05B00048191 /* Product.storyboard */; };
		197A5C432225974E00048191 /* OfferTableViewCell.swift in Sources */ = {isa = PBXBuildFile; fileRef = 197A5C412225974E00048191 /* OfferTableViewCell.swift */; };
		197A5C442225974E00048191 /* OfferTableViewCell.xib in Resources */ = {isa = PBXBuildFile; fileRef = 197A5C422225974E00048191 /* OfferTableViewCell.xib */; };
		197A5C472225AAA200048191 /* UIImageView+Util.swift in Sources */ = {isa = PBXBuildFile; fileRef = 197A5C462225AAA200048191 /* UIImageView+Util.swift */; };
		197A5C4A2225BB6400048191 /* ListTripOffersInteractor.swift in Sources */ = {isa = PBXBuildFile; fileRef = 197A5C492225BB6400048191 /* ListTripOffersInteractor.swift */; };
		197A5C4D2225BEF800048191 /* ListTripOffersPresenter.swift in Sources */ = {isa = PBXBuildFile; fileRef = 197A5C4C2225BEF800048191 /* ListTripOffersPresenter.swift */; };
		19B24BAC229839AE0066D41F /* UIColor+Util.swift in Sources */ = {isa = PBXBuildFile; fileRef = 19B24BAB229839AE0066D41F /* UIColor+Util.swift */; };
		19B24BAE22983AB20066D41F /* UIViewController+Util.swift in Sources */ = {isa = PBXBuildFile; fileRef = 19B24BAD22983AB20066D41F /* UIViewController+Util.swift */; };
		19B24BB222985B060066D41F /* ListProductOfferPresenter.swift in Sources */ = {isa = PBXBuildFile; fileRef = 19B24BB122985B060066D41F /* ListProductOfferPresenter.swift */; };
		19B24BB422985B140066D41F /* ListProductOfferInteractor.swift in Sources */ = {isa = PBXBuildFile; fileRef = 19B24BB322985B140066D41F /* ListProductOfferInteractor.swift */; };
		19B24BB622985B240066D41F /* ListProductOfferViewController.swift in Sources */ = {isa = PBXBuildFile; fileRef = 19B24BB522985B240066D41F /* ListProductOfferViewController.swift */; };
		19C9D6F6226E363A00FF9C73 /* PersistanceInterface.swift in Sources */ = {isa = PBXBuildFile; fileRef = 19C9D6F5226E363A00FF9C73 /* PersistanceInterface.swift */; };
		19C9D6F8226E368A00FF9C73 /* PersistenceCoreDataImplementation.swift in Sources */ = {isa = PBXBuildFile; fileRef = 19C9D6F7226E368A00FF9C73 /* PersistenceCoreDataImplementation.swift */; };
		19C9D6FC226E40E800FF9C73 /* ListTripOffersViewController.swift in Sources */ = {isa = PBXBuildFile; fileRef = 19C9D6FB226E40E800FF9C73 /* ListTripOffersViewController.swift */; };
/* End PBXBuildFile section */

/* Begin PBXFileReference section */
		197A5BF522136A7600048191 /* PeixeUrbanoChallenge.app */ = {isa = PBXFileReference; explicitFileType = wrapper.application; includeInIndex = 0; path = PeixeUrbanoChallenge.app; sourceTree = BUILT_PRODUCTS_DIR; };
		197A5BF822136A7600048191 /* AppDelegate.swift */ = {isa = PBXFileReference; lastKnownFileType = sourcecode.swift; path = AppDelegate.swift; sourceTree = "<group>"; };
		197A5BFD22136A7600048191 /* Base */ = {isa = PBXFileReference; lastKnownFileType = file.storyboard; name = Base; path = Base.lproj/Main.storyboard; sourceTree = "<group>"; };
		197A5BFF22136A7D00048191 /* Assets.xcassets */ = {isa = PBXFileReference; lastKnownFileType = folder.assetcatalog; path = Assets.xcassets; sourceTree = "<group>"; };
		197A5C0222136A7D00048191 /* Base */ = {isa = PBXFileReference; lastKnownFileType = file.storyboard; name = Base; path = Base.lproj/LaunchScreen.storyboard; sourceTree = "<group>"; };
		197A5C0422136A7D00048191 /* Info.plist */ = {isa = PBXFileReference; lastKnownFileType = text.plist.xml; path = Info.plist; sourceTree = "<group>"; };
		197A5C1022136B5900048191 /* Client.swift */ = {isa = PBXFileReference; lastKnownFileType = sourcecode.swift; path = Client.swift; sourceTree = "<group>"; };
		197A5C1222136B9500048191 /* Endpoint.swift */ = {isa = PBXFileReference; lastKnownFileType = sourcecode.swift; path = Endpoint.swift; sourceTree = "<group>"; };
		197A5C1422136BB200048191 /* Result.swift */ = {isa = PBXFileReference; lastKnownFileType = sourcecode.swift; path = Result.swift; sourceTree = "<group>"; };
		197A5C1922136DB900048191 /* PeixeUrbanoEndpoints.swift */ = {isa = PBXFileReference; lastKnownFileType = sourcecode.swift; path = PeixeUrbanoEndpoints.swift; sourceTree = "<group>"; };
		197A5C1C22136E9100048191 /* PeixeUrbanoClient.swift */ = {isa = PBXFileReference; lastKnownFileType = sourcecode.swift; path = PeixeUrbanoClient.swift; sourceTree = "<group>"; };
		197A5C21221374AA00048191 /* Offer.swift */ = {isa = PBXFileReference; lastKnownFileType = sourcecode.swift; path = Offer.swift; sourceTree = "<group>"; };
		197A5C2322139AA500048191 /* OfferResponse.swift */ = {isa = PBXFileReference; lastKnownFileType = sourcecode.swift; path = OfferResponse.swift; sourceTree = "<group>"; };
		197A5C2522139B5100048191 /* OfferObjects.swift */ = {isa = PBXFileReference; lastKnownFileType = sourcecode.swift; path = OfferObjects.swift; sourceTree = "<group>"; };
		197A5C2722139E3F00048191 /* OfferImage.swift */ = {isa = PBXFileReference; lastKnownFileType = sourcecode.swift; path = OfferImage.swift; sourceTree = "<group>"; };
		197A5C2922139FD200048191 /* OfferLocation.swift */ = {isa = PBXFileReference; lastKnownFileType = sourcecode.swift; path = OfferLocation.swift; sourceTree = "<group>"; };
		197A5C302214DAE400048191 /* ListCityOffersInteractor.swift */ = {isa = PBXFileReference; lastKnownFileType = sourcecode.swift; path = ListCityOffersInteractor.swift; sourceTree = "<group>"; };
		197A5C332214DD2F00048191 /* ListCityOffersPresenter.swift */ = {isa = PBXFileReference; lastKnownFileType = sourcecode.swift; path = ListCityOffersPresenter.swift; sourceTree = "<group>"; };
		197A5C372214DEBE00048191 /* ListCityOffersViewController.swift */ = {isa = PBXFileReference; lastKnownFileType = sourcecode.swift; path = ListCityOffersViewController.swift; sourceTree = "<group>"; };
		197A5C3B2214DFE300048191 /* City.storyboard */ = {isa = PBXFileReference; lastKnownFileType = file.storyboard; path = City.storyboard; sourceTree = "<group>"; };
		197A5C3D2214E04B00048191 /* Trip.storyboard */ = {isa = PBXFileReference; lastKnownFileType = file.storyboard; path = Trip.storyboard; sourceTree = "<group>"; };
		197A5C3F2214E05B00048191 /* Product.storyboard */ = {isa = PBXFileReference; lastKnownFileType = file.storyboard; path = Product.storyboard; sourceTree = "<group>"; };
		197A5C412225974E00048191 /* OfferTableViewCell.swift */ = {isa = PBXFileReference; lastKnownFileType = sourcecode.swift; path = OfferTableViewCell.swift; sourceTree = "<group>"; };
		197A5C422225974E00048191 /* OfferTableViewCell.xib */ = {isa = PBXFileReference; lastKnownFileType = file.xib; path = OfferTableViewCell.xib; sourceTree = "<group>"; };
		197A5C462225AAA200048191 /* UIImageView+Util.swift */ = {isa = PBXFileReference; lastKnownFileType = sourcecode.swift; path = "UIImageView+Util.swift"; sourceTree = "<group>"; };
		197A5C492225BB6400048191 /* ListTripOffersInteractor.swift */ = {isa = PBXFileReference; lastKnownFileType = sourcecode.swift; path = ListTripOffersInteractor.swift; sourceTree = "<group>"; };
		197A5C4C2225BEF800048191 /* ListTripOffersPresenter.swift */ = {isa = PBXFileReference; lastKnownFileType = sourcecode.swift; path = ListTripOffersPresenter.swift; sourceTree = "<group>"; };
		19B24BAB229839AE0066D41F /* UIColor+Util.swift */ = {isa = PBXFileReference; lastKnownFileType = sourcecode.swift; path = "UIColor+Util.swift"; sourceTree = "<group>"; };
		19B24BAD22983AB20066D41F /* UIViewController+Util.swift */ = {isa = PBXFileReference; lastKnownFileType = sourcecode.swift; path = "UIViewController+Util.swift"; sourceTree = "<group>"; };
		19B24BB122985B060066D41F /* ListProductOfferPresenter.swift */ = {isa = PBXFileReference; lastKnownFileType = sourcecode.swift; path = ListProductOfferPresenter.swift; sourceTree = "<group>"; };
		19B24BB322985B140066D41F /* ListProductOfferInteractor.swift */ = {isa = PBXFileReference; lastKnownFileType = sourcecode.swift; path = ListProductOfferInteractor.swift; sourceTree = "<group>"; };
		19B24BB522985B240066D41F /* ListProductOfferViewController.swift */ = {isa = PBXFileReference; lastKnownFileType = sourcecode.swift; path = ListProductOfferViewController.swift; sourceTree = "<group>"; };
		19C9D6F5226E363A00FF9C73 /* PersistanceInterface.swift */ = {isa = PBXFileReference; lastKnownFileType = sourcecode.swift; path = PersistanceInterface.swift; sourceTree = "<group>"; };
		19C9D6F7226E368A00FF9C73 /* PersistenceCoreDataImplementation.swift */ = {isa = PBXFileReference; lastKnownFileType = sourcecode.swift; path = PersistenceCoreDataImplementation.swift; sourceTree = "<group>"; };
		19C9D6FB226E40E800FF9C73 /* ListTripOffersViewController.swift */ = {isa = PBXFileReference; lastKnownFileType = sourcecode.swift; path = ListTripOffersViewController.swift; sourceTree = "<group>"; };
/* End PBXFileReference section */

/* Begin PBXFrameworksBuildPhase section */
		197A5BF222136A7600048191 /* Frameworks */ = {
			isa = PBXFrameworksBuildPhase;
			buildActionMask = 2147483647;
			files = (
			);
			runOnlyForDeploymentPostprocessing = 0;
		};
/* End PBXFrameworksBuildPhase section */

/* Begin PBXGroup section */
		197A5BEC22136A7600048191 = {
			isa = PBXGroup;
			children = (
				197A5BF722136A7600048191 /* PeixeUrbanoChallenge */,
				197A5BF622136A7600048191 /* Products */,
			);
			sourceTree = "<group>";
		};
		197A5BF622136A7600048191 /* Products */ = {
			isa = PBXGroup;
			children = (
				197A5BF522136A7600048191 /* PeixeUrbanoChallenge.app */,
			);
			name = Products;
			sourceTree = "<group>";
		};
		197A5BF722136A7600048191 /* PeixeUrbanoChallenge */ = {
			isa = PBXGroup;
			children = (
				19B24BA7229836660066D41F /* Presentation */,
				197A5C0A22136ABA00048191 /* Domain */,
				197A5C0D22136AEE00048191 /* Misc */,
				197A5C0E22136AF500048191 /* Common */,
			);
			path = PeixeUrbanoChallenge;
			sourceTree = "<group>";
		};
		197A5C0A22136ABA00048191 /* Domain */ = {
			isa = PBXGroup;
			children = (
				197A5C202213749400048191 /* Entities */,
			);
			path = Domain;
			sourceTree = "<group>";
		};
		197A5C0C22136AE400048191 /* UserInterface */ = {
			isa = PBXGroup;
			children = (
				197A5C3A2214DF2200048191 /* Views */,
				197A5C392214DF1D00048191 /* Storyboards */,
			);
			path = UserInterface;
			sourceTree = "<group>";
		};
		197A5C0D22136AEE00048191 /* Misc */ = {
			isa = PBXGroup;
			children = (
				197A5BFF22136A7D00048191 /* Assets.xcassets */,
				197A5C0422136A7D00048191 /* Info.plist */,
				197A5BF822136A7600048191 /* AppDelegate.swift */,
			);
			path = Misc;
			sourceTree = "<group>";
		};
		197A5C0E22136AF500048191 /* Common */ = {
			isa = PBXGroup;
			children = (
				19B24BAA229836C20066D41F /* API */,
				19C9D6F3226E360600FF9C73 /* Persistence */,
				197A5C452225AA8B00048191 /* Extensions */,
				197A5C0F22136B4D00048191 /* Gateway */,
			);
			path = Common;
			sourceTree = "<group>";
		};
		197A5C0F22136B4D00048191 /* Gateway */ = {
			isa = PBXGroup;
			children = (
				197A5C1022136B5900048191 /* Client.swift */,
				197A5C1222136B9500048191 /* Endpoint.swift */,
				197A5C1422136BB200048191 /* Result.swift */,
			);
			path = Gateway;
			sourceTree = "<group>";
		};
		197A5C1622136CFE00048191 /* PeixeUrbano */ = {
			isa = PBXGroup;
			children = (
				197A5C1922136DB900048191 /* PeixeUrbanoEndpoints.swift */,
				197A5C1C22136E9100048191 /* PeixeUrbanoClient.swift */,
			);
			path = PeixeUrbano;
			sourceTree = "<group>";
		};
		197A5C202213749400048191 /* Entities */ = {
			isa = PBXGroup;
			children = (
				197A5C21221374AA00048191 /* Offer.swift */,
				197A5C2322139AA500048191 /* OfferResponse.swift */,
				197A5C2522139B5100048191 /* OfferObjects.swift */,
				197A5C2722139E3F00048191 /* OfferImage.swift */,
				197A5C2922139FD200048191 /* OfferLocation.swift */,
			);
			path = Entities;
			sourceTree = "<group>";
		};
		197A5C392214DF1D00048191 /* Storyboards */ = {
			isa = PBXGroup;
			children = (
				197A5C3B2214DFE300048191 /* City.storyboard */,
				197A5C0122136A7D00048191 /* LaunchScreen.storyboard */,
				197A5BFC22136A7600048191 /* Main.storyboard */,
				197A5C3D2214E04B00048191 /* Trip.storyboard */,
				197A5C3F2214E05B00048191 /* Product.storyboard */,
			);
			path = Storyboards;
			sourceTree = "<group>";
		};
		197A5C3A2214DF2200048191 /* Views */ = {
			isa = PBXGroup;
			children = (
				197A5C412225974E00048191 /* OfferTableViewCell.swift */,
				197A5C422225974E00048191 /* OfferTableViewCell.xib */,
			);
			path = Views;
			sourceTree = "<group>";
		};
		197A5C452225AA8B00048191 /* Extensions */ = {
			isa = PBXGroup;
			children = (
				197A5C462225AAA200048191 /* UIImageView+Util.swift */,
				19B24BAB229839AE0066D41F /* UIColor+Util.swift */,
				19B24BAD22983AB20066D41F /* UIViewController+Util.swift */,
			);
			path = Extensions;
			sourceTree = "<group>";
		};
		19B24BA7229836660066D41F /* Presentation */ = {
			isa = PBXGroup;
			children = (
				19B24BB022985ADC0066D41F /* Product */,
				197A5C0C22136AE400048191 /* UserInterface */,
				19B24BA9229836780066D41F /* City */,
				19B24BA8229836710066D41F /* Trip */,
			);
			path = Presentation;
			sourceTree = "<group>";
		};
		19B24BA8229836710066D41F /* Trip */ = {
			isa = PBXGroup;
			children = (
				197A5C4C2225BEF800048191 /* ListTripOffersPresenter.swift */,
				197A5C492225BB6400048191 /* ListTripOffersInteractor.swift */,
				19C9D6FB226E40E800FF9C73 /* ListTripOffersViewController.swift */,
			);
			path = Trip;
			sourceTree = "<group>";
		};
		19B24BA9229836780066D41F /* City */ = {
			isa = PBXGroup;
			children = (
				197A5C332214DD2F00048191 /* ListCityOffersPresenter.swift */,
				197A5C372214DEBE00048191 /* ListCityOffersViewController.swift */,
				197A5C302214DAE400048191 /* ListCityOffersInteractor.swift */,
			);
			path = City;
			sourceTree = "<group>";
		};
		19B24BAA229836C20066D41F /* API */ = {
			isa = PBXGroup;
			children = (
				197A5C1622136CFE00048191 /* PeixeUrbano */,
			);
			path = API;
			sourceTree = "<group>";
		};
		19B24BB022985ADC0066D41F /* Product */ = {
			isa = PBXGroup;
			children = (
				19B24BB122985B060066D41F /* ListProductOfferPresenter.swift */,
				19B24BB322985B140066D41F /* ListProductOfferInteractor.swift */,
				19B24BB522985B240066D41F /* ListProductOfferViewController.swift */,
			);
			path = Product;
			sourceTree = "<group>";
		};
		19C9D6F3226E360600FF9C73 /* Persistence */ = {
			isa = PBXGroup;
			children = (
				19C9D6F4226E361100FF9C73 /* CoreData */,
				19C9D6F5226E363A00FF9C73 /* PersistanceInterface.swift */,
			);
			path = Persistence;
			sourceTree = "<group>";
		};
		19C9D6F4226E361100FF9C73 /* CoreData */ = {
			isa = PBXGroup;
			children = (
				19C9D6F7226E368A00FF9C73 /* PersistenceCoreDataImplementation.swift */,
			);
			path = CoreData;
			sourceTree = "<group>";
		};
/* End PBXGroup section */

/* Begin PBXNativeTarget section */
		197A5BF422136A7600048191 /* PeixeUrbanoChallenge */ = {
			isa = PBXNativeTarget;
			buildConfigurationList = 197A5C0722136A7D00048191 /* Build configuration list for PBXNativeTarget "PeixeUrbanoChallenge" */;
			buildPhases = (
				197A5BF122136A7600048191 /* Sources */,
				197A5BF222136A7600048191 /* Frameworks */,
				197A5BF322136A7600048191 /* Resources */,
			);
			buildRules = (
			);
			dependencies = (
			);
			name = PeixeUrbanoChallenge;
			productName = PeixeUrbanoChallenge;
			productReference = 197A5BF522136A7600048191 /* PeixeUrbanoChallenge.app */;
			productType = "com.apple.product-type.application";
		};
/* End PBXNativeTarget section */

/* Begin PBXProject section */
		197A5BED22136A7600048191 /* Project object */ = {
			isa = PBXProject;
			attributes = {
				LastSwiftUpdateCheck = 1010;
				LastUpgradeCheck = 1010;
				ORGANIZATIONNAME = "Gustavo Henrique";
				TargetAttributes = {
					197A5BF422136A7600048191 = {
						CreatedOnToolsVersion = 10.1;
						LastSwiftMigration = 1020;
					};
				};
			};
			buildConfigurationList = 197A5BF022136A7600048191 /* Build configuration list for PBXProject "PeixeUrbanoChallenge" */;
			compatibilityVersion = "Xcode 9.3";
			developmentRegion = en;
			hasScannedForEncodings = 0;
			knownRegions = (
				en,
				Base,
			);
			mainGroup = 197A5BEC22136A7600048191;
			productRefGroup = 197A5BF622136A7600048191 /* Products */;
			projectDirPath = "";
			projectRoot = "";
			targets = (
				197A5BF422136A7600048191 /* PeixeUrbanoChallenge */,
			);
		};
/* End PBXProject section */

/* Begin PBXResourcesBuildPhase section */
		197A5BF322136A7600048191 /* Resources */ = {
			isa = PBXResourcesBuildPhase;
			buildActionMask = 2147483647;
			files = (
				197A5C0322136A7D00048191 /* LaunchScreen.storyboard in Resources */,
				197A5C0022136A7D00048191 /* Assets.xcassets in Resources */,
				197A5C3C2214DFE300048191 /* City.storyboard in Resources */,
				197A5C3E2214E04B00048191 /* Trip.storyboard in Resources */,
				197A5BFE22136A7600048191 /* Main.storyboard in Resources */,
				197A5C402214E05B00048191 /* Product.storyboard in Resources */,
				197A5C442225974E00048191 /* OfferTableViewCell.xib in Resources */,
			);
			runOnlyForDeploymentPostprocessing = 0;
		};
/* End PBXResourcesBuildPhase section */

/* Begin PBXSourcesBuildPhase section */
		197A5BF122136A7600048191 /* Sources */ = {
			isa = PBXSourcesBuildPhase;
			buildActionMask = 2147483647;
			files = (
				19B24BAC229839AE0066D41F /* UIColor+Util.swift in Sources */,
				197A5C22221374AA00048191 /* Offer.swift in Sources */,
				19C9D6F6226E363A00FF9C73 /* PersistanceInterface.swift in Sources */,
				197A5C2A22139FD200048191 /* OfferLocation.swift in Sources */,
				197A5C1522136BB200048191 /* Result.swift in Sources */,
				197A5BF922136A7600048191 /* AppDelegate.swift in Sources */,
				197A5C1322136B9500048191 /* Endpoint.swift in Sources */,
				197A5C432225974E00048191 /* OfferTableViewCell.swift in Sources */,
				197A5C2422139AA500048191 /* OfferResponse.swift in Sources */,
				197A5C1122136B5900048191 /* Client.swift in Sources */,
				19B24BB422985B140066D41F /* ListProductOfferInteractor.swift in Sources */,
				197A5C312214DAE400048191 /* ListCityOffersInteractor.swift in Sources */,
				19B24BB222985B060066D41F /* ListProductOfferPresenter.swift in Sources */,
				19B24BAE22983AB20066D41F /* UIViewController+Util.swift in Sources */,
				197A5C2622139B5100048191 /* OfferObjects.swift in Sources */,
				197A5C472225AAA200048191 /* UIImageView+Util.swift in Sources */,
				197A5C4A2225BB6400048191 /* ListTripOffersInteractor.swift in Sources */,
				19C9D6F8226E368A00FF9C73 /* PersistenceCoreDataImplementation.swift in Sources */,
				197A5C382214DEBE00048191 /* ListCityOffersViewController.swift in Sources */,
				19C9D6FC226E40E800FF9C73 /* ListTripOffersViewController.swift in Sources */,
				197A5C1A22136DB900048191 /* PeixeUrbanoEndpoints.swift in Sources */,
				197A5C4D2225BEF800048191 /* ListTripOffersPresenter.swift in Sources */,
				197A5C2822139E3F00048191 /* OfferImage.swift in Sources */,
				197A5C1D22136E9100048191 /* PeixeUrbanoClient.swift in Sources */,
				197A5C342214DD2F00048191 /* ListCityOffersPresenter.swift in Sources */,
				19B24BB622985B240066D41F /* ListProductOfferViewController.swift in Sources */,
			);
			runOnlyForDeploymentPostprocessing = 0;
		};
/* End PBXSourcesBuildPhase section */

/* Begin PBXVariantGroup section */
		197A5BFC22136A7600048191 /* Main.storyboard */ = {
			isa = PBXVariantGroup;
			children = (
				197A5BFD22136A7600048191 /* Base */,
			);
			name = Main.storyboard;
			sourceTree = "<group>";
		};
		197A5C0122136A7D00048191 /* LaunchScreen.storyboard */ = {
			isa = PBXVariantGroup;
			children = (
				197A5C0222136A7D00048191 /* Base */,
			);
			name = LaunchScreen.storyboard;
			sourceTree = "<group>";
		};
/* End PBXVariantGroup section */

/* Begin XCBuildConfiguration section */
		197A5C0522136A7D00048191 /* Debug */ = {
			isa = XCBuildConfiguration;
			buildSettings = {
				ALWAYS_SEARCH_USER_PATHS = NO;
				CLANG_ANALYZER_NONNULL = YES;
				CLANG_ANALYZER_NUMBER_OBJECT_CONVERSION = YES_AGGRESSIVE;
				CLANG_CXX_LANGUAGE_STANDARD = "gnu++14";
				CLANG_CXX_LIBRARY = "libc++";
				CLANG_ENABLE_MODULES = YES;
				CLANG_ENABLE_OBJC_ARC = YES;
				CLANG_ENABLE_OBJC_WEAK = YES;
				CLANG_WARN_BLOCK_CAPTURE_AUTORELEASING = YES;
				CLANG_WARN_BOOL_CONVERSION = YES;
				CLANG_WARN_COMMA = YES;
				CLANG_WARN_CONSTANT_CONVERSION = YES;
				CLANG_WARN_DEPRECATED_OBJC_IMPLEMENTATIONS = YES;
				CLANG_WARN_DIRECT_OBJC_ISA_USAGE = YES_ERROR;
				CLANG_WARN_DOCUMENTATION_COMMENTS = YES;
				CLANG_WARN_EMPTY_BODY = YES;
				CLANG_WARN_ENUM_CONVERSION = YES;
				CLANG_WARN_INFINITE_RECURSION = YES;
				CLANG_WARN_INT_CONVERSION = YES;
				CLANG_WARN_NON_LITERAL_NULL_CONVERSION = YES;
				CLANG_WARN_OBJC_IMPLICIT_RETAIN_SELF = YES;
				CLANG_WARN_OBJC_LITERAL_CONVERSION = YES;
				CLANG_WARN_OBJC_ROOT_CLASS = YES_ERROR;
				CLANG_WARN_RANGE_LOOP_ANALYSIS = YES;
				CLANG_WARN_STRICT_PROTOTYPES = YES;
				CLANG_WARN_SUSPICIOUS_MOVE = YES;
				CLANG_WARN_UNGUARDED_AVAILABILITY = YES_AGGRESSIVE;
				CLANG_WARN_UNREACHABLE_CODE = YES;
				CLANG_WARN__DUPLICATE_METHOD_MATCH = YES;
				CODE_SIGN_IDENTITY = "iPhone Developer";
				COPY_PHASE_STRIP = NO;
				DEBUG_INFORMATION_FORMAT = dwarf;
				ENABLE_STRICT_OBJC_MSGSEND = YES;
				ENABLE_TESTABILITY = YES;
				GCC_C_LANGUAGE_STANDARD = gnu11;
				GCC_DYNAMIC_NO_PIC = NO;
				GCC_NO_COMMON_BLOCKS = YES;
				GCC_OPTIMIZATION_LEVEL = 0;
				GCC_PREPROCESSOR_DEFINITIONS = (
					"DEBUG=1",
					"$(inherited)",
				);
				GCC_WARN_64_TO_32_BIT_CONVERSION = YES;
				GCC_WARN_ABOUT_RETURN_TYPE = YES_ERROR;
				GCC_WARN_UNDECLARED_SELECTOR = YES;
				GCC_WARN_UNINITIALIZED_AUTOS = YES_AGGRESSIVE;
				GCC_WARN_UNUSED_FUNCTION = YES;
				GCC_WARN_UNUSED_VARIABLE = YES;
				IPHONEOS_DEPLOYMENT_TARGET = 12.1;
				MTL_ENABLE_DEBUG_INFO = INCLUDE_SOURCE;
				MTL_FAST_MATH = YES;
				ONLY_ACTIVE_ARCH = YES;
				SDKROOT = iphoneos;
				SWIFT_ACTIVE_COMPILATION_CONDITIONS = DEBUG;
				SWIFT_OPTIMIZATION_LEVEL = "-Onone";
			};
			name = Debug;
		};
		197A5C0622136A7D00048191 /* Release */ = {
			isa = XCBuildConfiguration;
			buildSettings = {
				ALWAYS_SEARCH_USER_PATHS = NO;
				CLANG_ANALYZER_NONNULL = YES;
				CLANG_ANALYZER_NUMBER_OBJECT_CONVERSION = YES_AGGRESSIVE;
				CLANG_CXX_LANGUAGE_STANDARD = "gnu++14";
				CLANG_CXX_LIBRARY = "libc++";
				CLANG_ENABLE_MODULES = YES;
				CLANG_ENABLE_OBJC_ARC = YES;
				CLANG_ENABLE_OBJC_WEAK = YES;
				CLANG_WARN_BLOCK_CAPTURE_AUTORELEASING = YES;
				CLANG_WARN_BOOL_CONVERSION = YES;
				CLANG_WARN_COMMA = YES;
				CLANG_WARN_CONSTANT_CONVERSION = YES;
				CLANG_WARN_DEPRECATED_OBJC_IMPLEMENTATIONS = YES;
				CLANG_WARN_DIRECT_OBJC_ISA_USAGE = YES_ERROR;
				CLANG_WARN_DOCUMENTATION_COMMENTS = YES;
				CLANG_WARN_EMPTY_BODY = YES;
				CLANG_WARN_ENUM_CONVERSION = YES;
				CLANG_WARN_INFINITE_RECURSION = YES;
				CLANG_WARN_INT_CONVERSION = YES;
				CLANG_WARN_NON_LITERAL_NULL_CONVERSION = YES;
				CLANG_WARN_OBJC_IMPLICIT_RETAIN_SELF = YES;
				CLANG_WARN_OBJC_LITERAL_CONVERSION = YES;
				CLANG_WARN_OBJC_ROOT_CLASS = YES_ERROR;
				CLANG_WARN_RANGE_LOOP_ANALYSIS = YES;
				CLANG_WARN_STRICT_PROTOTYPES = YES;
				CLANG_WARN_SUSPICIOUS_MOVE = YES;
				CLANG_WARN_UNGUARDED_AVAILABILITY = YES_AGGRESSIVE;
				CLANG_WARN_UNREACHABLE_CODE = YES;
				CLANG_WARN__DUPLICATE_METHOD_MATCH = YES;
				CODE_SIGN_IDENTITY = "iPhone Developer";
				COPY_PHASE_STRIP = NO;
				DEBUG_INFORMATION_FORMAT = "dwarf-with-dsym";
				ENABLE_NS_ASSERTIONS = NO;
				ENABLE_STRICT_OBJC_MSGSEND = YES;
				GCC_C_LANGUAGE_STANDARD = gnu11;
				GCC_NO_COMMON_BLOCKS = YES;
				GCC_WARN_64_TO_32_BIT_CONVERSION = YES;
				GCC_WARN_ABOUT_RETURN_TYPE = YES_ERROR;
				GCC_WARN_UNDECLARED_SELECTOR = YES;
				GCC_WARN_UNINITIALIZED_AUTOS = YES_AGGRESSIVE;
				GCC_WARN_UNUSED_FUNCTION = YES;
				GCC_WARN_UNUSED_VARIABLE = YES;
				IPHONEOS_DEPLOYMENT_TARGET = 12.1;
				MTL_ENABLE_DEBUG_INFO = NO;
				MTL_FAST_MATH = YES;
				SDKROOT = iphoneos;
				SWIFT_COMPILATION_MODE = wholemodule;
				SWIFT_OPTIMIZATION_LEVEL = "-O";
				VALIDATE_PRODUCT = YES;
			};
			name = Release;
		};
		197A5C0822136A7D00048191 /* Debug */ = {
			isa = XCBuildConfiguration;
			buildSettings = {
				ASSETCATALOG_COMPILER_APPICON_NAME = AppIcon;
				CODE_SIGN_STYLE = Automatic;
				DEVELOPMENT_TEAM = VZ5NR4GS29;
				INFOPLIST_FILE = "$(SRCROOT)/PeixeUrbanoChallenge/Misc/Info.plist";
				LD_RUNPATH_SEARCH_PATHS = (
					"$(inherited)",
					"@executable_path/Frameworks",
				);
				PRODUCT_BUNDLE_IDENTIFIER = br.com.gustavo.PeixeUrbanoChallenge;
				PRODUCT_NAME = "$(TARGET_NAME)";
				SWIFT_VERSION = 5.0;
				TARGETED_DEVICE_FAMILY = "1,2";
			};
			name = Debug;
		};
		197A5C0922136A7D00048191 /* Release */ = {
			isa = XCBuildConfiguration;
			buildSettings = {
				ASSETCATALOG_COMPILER_APPICON_NAME = AppIcon;
				CODE_SIGN_STYLE = Automatic;
				DEVELOPMENT_TEAM = VZ5NR4GS29;
				INFOPLIST_FILE = "$(SRCROOT)/PeixeUrbanoChallenge/Misc/Info.plist";
				LD_RUNPATH_SEARCH_PATHS = (
					"$(inherited)",
					"@executable_path/Frameworks",
				);
				PRODUCT_BUNDLE_IDENTIFIER = br.com.gustavo.PeixeUrbanoChallenge;
				PRODUCT_NAME = "$(TARGET_NAME)";
				SWIFT_VERSION = 5.0;
				TARGETED_DEVICE_FAMILY = "1,2";
			};
			name = Release;
		};
/* End XCBuildConfiguration section */

/* Begin XCConfigurationList section */
		197A5BF022136A7600048191 /* Build configuration list for PBXProject "PeixeUrbanoChallenge" */ = {
			isa = XCConfigurationList;
			buildConfigurations = (
				197A5C0522136A7D00048191 /* Debug */,
				197A5C0622136A7D00048191 /* Release */,
			);
			defaultConfigurationIsVisible = 0;
			defaultConfigurationName = Release;
		};
		197A5C0722136A7D00048191 /* Build configuration list for PBXNativeTarget "PeixeUrbanoChallenge" */ = {
			isa = XCConfigurationList;
			buildConfigurations = (
				197A5C0822136A7D00048191 /* Debug */,
				197A5C0922136A7D00048191 /* Release */,
			);
			defaultConfigurationIsVisible = 0;
			defaultConfigurationName = Release;
		};
/* End XCConfigurationList section */
	};
	rootObject = 197A5BED22136A7600048191 /* Project object */;
}
